{
  "nodes": {
    "nixpkgs": {
      "locked": {
        "lastModified": 1763375004,
        "narHash": "sha256-e81Xfa7xhRZfqGB4s3xEvrg4p1v+fToM6CIQlXUyaX0=",
        "owner": "NixOS",
        "repo": "nixpkgs",
        "rev": "8b6600824693a9c706ef09bd86711ca393703466",
        "type": "github"
      },
      "original": {
        "owner": "NixOS",
        "ref": "nixpkgs-unstable",
        "repo": "nixpkgs",
        "type": "github"
      }
    },
    "nvim-treesitter": {
      "flake": false,
      "locked": {
        "lastModified": 1763374633,
        "narHash": "sha256-HwQTSSEW2yW3T0XbongCaOL+/STOuaAZhLkII/evoKM=",
        "owner": "nvim-treesitter",
        "repo": "nvim-treesitter",
        "rev": "c682a239a9404ce5f90a2d0da34790eff1ed2932",
        "type": "github"
      },
      "original": {
        "owner": "nvim-treesitter",
        "ref": "main",
        "repo": "nvim-treesitter",
        "type": "github"
      }
    },
    "root": {
      "inputs": {
        "nixpkgs": "nixpkgs",
        "nvim-treesitter": "nvim-treesitter"
      }
    }
  },
  "root": "root",
  "version": 7
}
